// !$*UTF8*$!
{
	archiveVersion = 1;
	classes = {
	};
	objectVersion = 56;
	objects = {

/* Begin PBXBuildFile section */
		04338B632AC549E700C17FB4 /* AppDelegate.swift in Sources */ = {isa = PBXBuildFile; fileRef = 04338B622AC549E700C17FB4 /* AppDelegate.swift */; };
		04338B652AC549E700C17FB4 /* SceneDelegate.swift in Sources */ = {isa = PBXBuildFile; fileRef = 04338B642AC549E700C17FB4 /* SceneDelegate.swift */; };
		04338B672AC549E700C17FB4 /* ExampleTable.swift in Sources */ = {isa = PBXBuildFile; fileRef = 04338B662AC549E700C17FB4 /* ExampleTable.swift */; };
		04338B6A2AC549E700C17FB4 /* Main.storyboard in Resources */ = {isa = PBXBuildFile; fileRef = 04338B682AC549E700C17FB4 /* Main.storyboard */; };
		04338B6C2AC549E900C17FB4 /* Assets.xcassets in Resources */ = {isa = PBXBuildFile; fileRef = 04338B6B2AC549E900C17FB4 /* Assets.xcassets */; };
		04338B6F2AC549E900C17FB4 /* LaunchScreen.storyboard in Resources */ = {isa = PBXBuildFile; fileRef = 04338B6D2AC549E900C17FB4 /* LaunchScreen.storyboard */; };
		04338B7C2AC54F4E00C17FB4 /* Cell1.swift in Sources */ = {isa = PBXBuildFile; fileRef = 04338B7A2AC54F4E00C17FB4 /* Cell1.swift */; };
		04338B7D2AC54F4E00C17FB4 /* Cell1.xib in Resources */ = {isa = PBXBuildFile; fileRef = 04338B7B2AC54F4E00C17FB4 /* Cell1.xib */; };
		04338B802AC550C100C17FB4 /* Cell2.swift in Sources */ = {isa = PBXBuildFile; fileRef = 04338B7E2AC550C100C17FB4 /* Cell2.swift */; };
		04338B812AC550C100C17FB4 /* Cell2.xib in Resources */ = {isa = PBXBuildFile; fileRef = 04338B7F2AC550C100C17FB4 /* Cell2.xib */; };
		04338B832AC553B000C17FB4 /* Extension.swift in Sources */ = {isa = PBXBuildFile; fileRef = 04338B822AC553B000C17FB4 /* Extension.swift */; };
		0474C3A32AC5AD100087AFBA /* ExampleTableViewModel.swift in Sources */ = {isa = PBXBuildFile; fileRef = 0474C3A22AC5AD100087AFBA /* ExampleTableViewModel.swift */; };
		0474C3A52AC5AE540087AFBA /* ExampleTableModel.swift in Sources */ = {isa = PBXBuildFile; fileRef = 0474C3A42AC5AE540087AFBA /* ExampleTableModel.swift */; };
		0474C3A82AC5AE9C0087AFBA /* ExampleTableViewModelType.swift in Sources */ = {isa = PBXBuildFile; fileRef = 0474C3A72AC5AE9C0087AFBA /* ExampleTableViewModelType.swift */; };
/* End PBXBuildFile section */

/* Begin PBXFileReference section */
		04338B5F2AC549E700C17FB4 /* TableOnMVVM+ENUM.app */ = {isa = PBXFileReference; explicitFileType = wrapper.application; includeInIndex = 0; path = "TableOnMVVM+ENUM.app"; sourceTree = BUILT_PRODUCTS_DIR; };
		04338B622AC549E700C17FB4 /* AppDelegate.swift */ = {isa = PBXFileReference; lastKnownFileType = sourcecode.swift; path = AppDelegate.swift; sourceTree = "<group>"; };
		04338B642AC549E700C17FB4 /* SceneDelegate.swift */ = {isa = PBXFileReference; lastKnownFileType = sourcecode.swift; path = SceneDelegate.swift; sourceTree = "<group>"; };
		04338B662AC549E700C17FB4 /* ExampleTable.swift */ = {isa = PBXFileReference; lastKnownFileType = sourcecode.swift; path = ExampleTable.swift; sourceTree = "<group>"; };
		04338B692AC549E700C17FB4 /* Base */ = {isa = PBXFileReference; lastKnownFileType = file.storyboard; name = Base; path = Base.lproj/Main.storyboard; sourceTree = "<group>"; };
		04338B6B2AC549E900C17FB4 /* Assets.xcassets */ = {isa = PBXFileReference; lastKnownFileType = folder.assetcatalog; path = Assets.xcassets; sourceTree = "<group>"; };
		04338B6E2AC549E900C17FB4 /* Base */ = {isa = PBXFileReference; lastKnownFileType = file.storyboard; name = Base; path = Base.lproj/LaunchScreen.storyboard; sourceTree = "<group>"; };
		04338B702AC549E900C17FB4 /* Info.plist */ = {isa = PBXFileReference; lastKnownFileType = text.plist.xml; path = Info.plist; sourceTree = "<group>"; };
		04338B7A2AC54F4E00C17FB4 /* Cell1.swift */ = {isa = PBXFileReference; lastKnownFileType = sourcecode.swift; path = Cell1.swift; sourceTree = "<group>"; };
		04338B7B2AC54F4E00C17FB4 /* Cell1.xib */ = {isa = PBXFileReference; lastKnownFileType = file.xib; path = Cell1.xib; sourceTree = "<group>"; };
		04338B7E2AC550C100C17FB4 /* Cell2.swift */ = {isa = PBXFileReference; lastKnownFileType = sourcecode.swift; path = Cell2.swift; sourceTree = "<group>"; };
		04338B7F2AC550C100C17FB4 /* Cell2.xib */ = {isa = PBXFileReference; lastKnownFileType = file.xib; path = Cell2.xib; sourceTree = "<group>"; };
		04338B822AC553B000C17FB4 /* Extension.swift */ = {isa = PBXFileReference; lastKnownFileType = sourcecode.swift; path = Extension.swift; sourceTree = "<group>"; };
		0474C3A22AC5AD100087AFBA /* ExampleTableViewModel.swift */ = {isa = PBXFileReference; lastKnownFileType = sourcecode.swift; path = ExampleTableViewModel.swift; sourceTree = "<group>"; };
		0474C3A42AC5AE540087AFBA /* ExampleTableModel.swift */ = {isa = PBXFileReference; lastKnownFileType = sourcecode.swift; path = ExampleTableModel.swift; sourceTree = "<group>"; };
		0474C3A72AC5AE9C0087AFBA /* ExampleTableViewModelType.swift */ = {isa = PBXFileReference; lastKnownFileType = sourcecode.swift; path = ExampleTableViewModelType.swift; sourceTree = "<group>"; };
/* End PBXFileReference section */

/* Begin PBXFrameworksBuildPhase section */
		04338B5C2AC549E700C17FB4 /* Frameworks */ = {
			isa = PBXFrameworksBuildPhase;
			buildActionMask = 2147483647;
			files = (
			);
			runOnlyForDeploymentPostprocessing = 0;
		};
/* End PBXFrameworksBuildPhase section */

/* Begin PBXGroup section */
		04338B562AC549E700C17FB4 = {
			isa = PBXGroup;
			children = (
				04338B612AC549E700C17FB4 /* TableOnMVVM+ENUM */,
				04338B602AC549E700C17FB4 /* Products */,
			);
			sourceTree = "<group>";
		};
		04338B602AC549E700C17FB4 /* Products */ = {
			isa = PBXGroup;
			children = (
				04338B5F2AC549E700C17FB4 /* TableOnMVVM+ENUM.app */,
			);
			name = Products;
			sourceTree = "<group>";
		};
		04338B612AC549E700C17FB4 /* TableOnMVVM+ENUM */ = {
			isa = PBXGroup;
			children = (
				04338B792AC54CD000C17FB4 /* Application */,
				04338B772AC54C9200C17FB4 /* Models */,
				04338B762AC54C8B00C17FB4 /* Views */,
				04338B782AC54C9900C17FB4 /* ViewModels */,
				0474C3A62AC5AE790087AFBA /* Protocols */,
				04338B6B2AC549E900C17FB4 /* Assets.xcassets */,
				04338B6D2AC549E900C17FB4 /* LaunchScreen.storyboard */,
				04338B702AC549E900C17FB4 /* Info.plist */,
				04338B822AC553B000C17FB4 /* Extension.swift */,
			);
			path = "TableOnMVVM+ENUM";
			sourceTree = "<group>";
		};
		04338B762AC54C8B00C17FB4 /* Views */ = {
			isa = PBXGroup;
			children = (
				04338B682AC549E700C17FB4 /* Main.storyboard */,
				04338B7B2AC54F4E00C17FB4 /* Cell1.xib */,
				04338B7F2AC550C100C17FB4 /* Cell2.xib */,
				04338B662AC549E700C17FB4 /* ExampleTable.swift */,
				04338B7A2AC54F4E00C17FB4 /* Cell1.swift */,
				04338B7E2AC550C100C17FB4 /* Cell2.swift */,
			);
			path = Views;
			sourceTree = "<group>";
		};
		04338B772AC54C9200C17FB4 /* Models */ = {
			isa = PBXGroup;
			children = (
				0474C3A42AC5AE540087AFBA /* ExampleTableModel.swift */,
			);
			path = Models;
			sourceTree = "<group>";
		};
		04338B782AC54C9900C17FB4 /* ViewModels */ = {
			isa = PBXGroup;
			children = (
				0474C3A22AC5AD100087AFBA /* ExampleTableViewModel.swift */,
			);
			path = ViewModels;
			sourceTree = "<group>";
		};
		04338B792AC54CD000C17FB4 /* Application */ = {
			isa = PBXGroup;
			children = (
				04338B622AC549E700C17FB4 /* AppDelegate.swift */,
				04338B642AC549E700C17FB4 /* SceneDelegate.swift */,
			);
			path = Application;
			sourceTree = "<group>";
		};
		0474C3A62AC5AE790087AFBA /* Protocols */ = {
			isa = PBXGroup;
			children = (
				0474C3A72AC5AE9C0087AFBA /* ExampleTableViewModelType.swift */,
			);
			path = Protocols;
			sourceTree = "<group>";
		};
/* End PBXGroup section */

/* Begin PBXNativeTarget section */
		04338B5E2AC549E700C17FB4 /* TableOnMVVM+ENUM */ = {
			isa = PBXNativeTarget;
			buildConfigurationList = 04338B732AC549E900C17FB4 /* Build configuration list for PBXNativeTarget "TableOnMVVM+ENUM" */;
			buildPhases = (
				04338B5B2AC549E700C17FB4 /* Sources */,
				04338B5C2AC549E700C17FB4 /* Frameworks */,
				04338B5D2AC549E700C17FB4 /* Resources */,
			);
			buildRules = (
			);
			dependencies = (
			);
			name = "TableOnMVVM+ENUM";
			productName = "TableOnMVVM+ENUM";
			productReference = 04338B5F2AC549E700C17FB4 /* TableOnMVVM+ENUM.app */;
			productType = "com.apple.product-type.application";
		};
/* End PBXNativeTarget section */

/* Begin PBXProject section */
		04338B572AC549E700C17FB4 /* Project object */ = {
			isa = PBXProject;
			attributes = {
				BuildIndependentTargetsInParallel = 1;
				LastSwiftUpdateCheck = 1500;
				LastUpgradeCheck = 1500;
				TargetAttributes = {
					04338B5E2AC549E700C17FB4 = {
						CreatedOnToolsVersion = 15.0;
					};
				};
			};
			buildConfigurationList = 04338B5A2AC549E700C17FB4 /* Build configuration list for PBXProject "TableOnMVVM+ENUM" */;
			compatibilityVersion = "Xcode 14.0";
			developmentRegion = en;
			hasScannedForEncodings = 0;
			knownRegions = (
				en,
				Base,
			);
			mainGroup = 04338B562AC549E700C17FB4;
			productRefGroup = 04338B602AC549E700C17FB4 /* Products */;
			projectDirPath = "";
			projectRoot = "";
			targets = (
				04338B5E2AC549E700C17FB4 /* TableOnMVVM+ENUM */,
			);
		};
/* End PBXProject section */

/* Begin PBXResourcesBuildPhase section */
		04338B5D2AC549E700C17FB4 /* Resources */ = {
			isa = PBXResourcesBuildPhase;
			buildActionMask = 2147483647;
			files = (
				04338B6F2AC549E900C17FB4 /* LaunchScreen.storyboard in Resources */,
				04338B6C2AC549E900C17FB4 /* Assets.xcassets in Resources */,
				04338B6A2AC549E700C17FB4 /* Main.storyboard in Resources */,
				04338B812AC550C100C17FB4 /* Cell2.xib in Resources */,
				04338B7D2AC54F4E00C17FB4 /* Cell1.xib in Resources */,
			);
			runOnlyForDeploymentPostprocessing = 0;
		};
/* End PBXResourcesBuildPhase section */

/* Begin PBXSourcesBuildPhase section */
		04338B5B2AC549E700C17FB4 /* Sources */ = {
			isa = PBXSourcesBuildPhase;
			buildActionMask = 2147483647;
			files = (
				04338B672AC549E700C17FB4 /* ExampleTable.swift in Sources */,
				04338B802AC550C100C17FB4 /* Cell2.swift in Sources */,
				04338B632AC549E700C17FB4 /* AppDelegate.swift in Sources */,
				0474C3A32AC5AD100087AFBA /* ExampleTableViewModel.swift in Sources */,
				04338B832AC553B000C17FB4 /* Extension.swift in Sources */,
				0474C3A82AC5AE9C0087AFBA /* ExampleTableViewModelType.swift in Sources */,
				04338B652AC549E700C17FB4 /* SceneDelegate.swift in Sources */,
				04338B7C2AC54F4E00C17FB4 /* Cell1.swift in Sources */,
				0474C3A52AC5AE540087AFBA /* ExampleTableModel.swift in Sources */,
			);
			runOnlyForDeploymentPostprocessing = 0;
		};
/* End PBXSourcesBuildPhase section */

/* Begin PBXVariantGroup section */
		04338B682AC549E700C17FB4 /* Main.storyboard */ = {
			isa = PBXVariantGroup;
			children = (
				04338B692AC549E700C17FB4 /* Base */,
			);
			name = Main.storyboard;
			sourceTree = "<group>";
		};
		04338B6D2AC549E900C17FB4 /* LaunchScreen.storyboard */ = {
			isa = PBXVariantGroup;
			children = (
				04338B6E2AC549E900C17FB4 /* Base */,
			);
			name = LaunchScreen.storyboard;
			sourceTree = "<group>";
		};
/* End PBXVariantGroup section */

/* Begin XCBuildConfiguration section */
		04338B712AC549E900C17FB4 /* Debug */ = {
			isa = XCBuildConfiguration;
			buildSettings = {
				ALWAYS_SEARCH_USER_PATHS = NO;
				ASSETCATALOG_COMPILER_GENERATE_SWIFT_ASSET_SYMBOL_EXTENSIONS = YES;
				CLANG_ANALYZER_NONNULL = YES;
				CLANG_ANALYZER_NUMBER_OBJECT_CONVERSION = YES_AGGRESSIVE;
				CLANG_CXX_LANGUAGE_STANDARD = "gnu++20";
				CLANG_ENABLE_MODULES = YES;
				CLANG_ENABLE_OBJC_ARC = YES;
				CLANG_ENABLE_OBJC_WEAK = YES;
				CLANG_WARN_BLOCK_CAPTURE_AUTORELEASING = YES;
				CLANG_WARN_BOOL_CONVERSION = YES;
				CLANG_WARN_COMMA = YES;
				CLANG_WARN_CONSTANT_CONVERSION = YES;
				CLANG_WARN_DEPRECATED_OBJC_IMPLEMENTATIONS = YES;
				CLANG_WARN_DIRECT_OBJC_ISA_USAGE = YES_ERROR;
				CLANG_WARN_DOCUMENTATION_COMMENTS = YES;
				CLANG_WARN_EMPTY_BODY = YES;
				CLANG_WARN_ENUM_CONVERSION = YES;
				CLANG_WARN_INFINITE_RECURSION = YES;
				CLANG_WARN_INT_CONVERSION = YES;
				CLANG_WARN_NON_LITERAL_NULL_CONVERSION = YES;
				CLANG_WARN_OBJC_IMPLICIT_RETAIN_SELF = YES;
				CLANG_WARN_OBJC_LITERAL_CONVERSION = YES;
				CLANG_WARN_OBJC_ROOT_CLASS = YES_ERROR;
				CLANG_WARN_QUOTED_INCLUDE_IN_FRAMEWORK_HEADER = YES;
				CLANG_WARN_RANGE_LOOP_ANALYSIS = YES;
				CLANG_WARN_STRICT_PROTOTYPES = YES;
				CLANG_WARN_SUSPICIOUS_MOVE = YES;
				CLANG_WARN_UNGUARDED_AVAILABILITY = YES_AGGRESSIVE;
				CLANG_WARN_UNREACHABLE_CODE = YES;
				CLANG_WARN__DUPLICATE_METHOD_MATCH = YES;
				COPY_PHASE_STRIP = NO;
				DEBUG_INFORMATION_FORMAT = dwarf;
				ENABLE_STRICT_OBJC_MSGSEND = YES;
				ENABLE_TESTABILITY = YES;
				ENABLE_USER_SCRIPT_SANDBOXING = YES;
				GCC_C_LANGUAGE_STANDARD = gnu17;
				GCC_DYNAMIC_NO_PIC = NO;
				GCC_NO_COMMON_BLOCKS = YES;
				GCC_OPTIMIZATION_LEVEL = 0;
				GCC_PREPROCESSOR_DEFINITIONS = (
					"DEBUG=1",
					"$(inherited)",
				);
				GCC_WARN_64_TO_32_BIT_CONVERSION = YES;
				GCC_WARN_ABOUT_RETURN_TYPE = YES_ERROR;
				GCC_WARN_UNDECLARED_SELECTOR = YES;
				GCC_WARN_UNINITIALIZED_AUTOS = YES_AGGRESSIVE;
				GCC_WARN_UNUSED_FUNCTION = YES;
				GCC_WARN_UNUSED_VARIABLE = YES;
				IPHONEOS_DEPLOYMENT_TARGET = 17.0;
				LOCALIZATION_PREFERS_STRING_CATALOGS = YES;
				MTL_ENABLE_DEBUG_INFO = INCLUDE_SOURCE;
				MTL_FAST_MATH = YES;
				ONLY_ACTIVE_ARCH = YES;
				SDKROOT = iphoneos;
				SWIFT_ACTIVE_COMPILATION_CONDITIONS = "DEBUG $(inherited)";
				SWIFT_OPTIMIZATION_LEVEL = "-Onone";
			};
			name = Debug;
		};
		04338B722AC549E900C17FB4 /* Release */ = {
			isa = XCBuildConfiguration;
			buildSettings = {
				ALWAYS_SEARCH_USER_PATHS = NO;
				ASSETCATALOG_COMPILER_GENERATE_SWIFT_ASSET_SYMBOL_EXTENSIONS = YES;
				CLANG_ANALYZER_NONNULL = YES;
				CLANG_ANALYZER_NUMBER_OBJECT_CONVERSION = YES_AGGRESSIVE;
				CLANG_CXX_LANGUAGE_STANDARD = "gnu++20";
				CLANG_ENABLE_MODULES = YES;
				CLANG_ENABLE_OBJC_ARC = YES;
				CLANG_ENABLE_OBJC_WEAK = YES;
				CLANG_WARN_BLOCK_CAPTURE_AUTORELEASING = YES;
				CLANG_WARN_BOOL_CONVERSION = YES;
				CLANG_WARN_COMMA = YES;
				CLANG_WARN_CONSTANT_CONVERSION = YES;
				CLANG_WARN_DEPRECATED_OBJC_IMPLEMENTATIONS = YES;
				CLANG_WARN_DIRECT_OBJC_ISA_USAGE = YES_ERROR;
				CLANG_WARN_DOCUMENTATION_COMMENTS = YES;
				CLANG_WARN_EMPTY_BODY = YES;
				CLANG_WARN_ENUM_CONVERSION = YES;
				CLANG_WARN_INFINITE_RECURSION = YES;
				CLANG_WARN_INT_CONVERSION = YES;
				CLANG_WARN_NON_LITERAL_NULL_CONVERSION = YES;
				CLANG_WARN_OBJC_IMPLICIT_RETAIN_SELF = YES;
				CLANG_WARN_OBJC_LITERAL_CONVERSION = YES;
				CLANG_WARN_OBJC_ROOT_CLASS = YES_ERROR;
				CLANG_WARN_QUOTED_INCLUDE_IN_FRAMEWORK_HEADER = YES;
				CLANG_WARN_RANGE_LOOP_ANALYSIS = YES;
				CLANG_WARN_STRICT_PROTOTYPES = YES;
				CLANG_WARN_SUSPICIOUS_MOVE = YES;
				CLANG_WARN_UNGUARDED_AVAILABILITY = YES_AGGRESSIVE;
				CLANG_WARN_UNREACHABLE_CODE = YES;
				CLANG_WARN__DUPLICATE_METHOD_MATCH = YES;
				COPY_PHASE_STRIP = NO;
				DEBUG_INFORMATION_FORMAT = "dwarf-with-dsym";
				ENABLE_NS_ASSERTIONS = NO;
				ENABLE_STRICT_OBJC_MSGSEND = YES;
				ENABLE_USER_SCRIPT_SANDBOXING = YES;
				GCC_C_LANGUAGE_STANDARD = gnu17;
				GCC_NO_COMMON_BLOCKS = YES;
				GCC_WARN_64_TO_32_BIT_CONVERSION = YES;
				GCC_WARN_ABOUT_RETURN_TYPE = YES_ERROR;
				GCC_WARN_UNDECLARED_SELECTOR = YES;
				GCC_WARN_UNINITIALIZED_AUTOS = YES_AGGRESSIVE;
				GCC_WARN_UNUSED_FUNCTION = YES;
				GCC_WARN_UNUSED_VARIABLE = YES;
				IPHONEOS_DEPLOYMENT_TARGET = 17.0;
				LOCALIZATION_PREFERS_STRING_CATALOGS = YES;
				MTL_ENABLE_DEBUG_INFO = NO;
				MTL_FAST_MATH = YES;
				SDKROOT = iphoneos;
				SWIFT_COMPILATION_MODE = wholemodule;
				VALIDATE_PRODUCT = YES;
			};
			name = Release;
		};
		04338B742AC549E900C17FB4 /* Debug */ = {
			isa = XCBuildConfiguration;
			buildSettings = {
				ASSETCATALOG_COMPILER_APPICON_NAME = AppIcon;
				ASSETCATALOG_COMPILER_GLOBAL_ACCENT_COLOR_NAME = AccentColor;
				CODE_SIGN_STYLE = Automatic;
				CURRENT_PROJECT_VERSION = 1;
				DEVELOPMENT_TEAM = 3PC38RJWH9;
				GENERATE_INFOPLIST_FILE = YES;
				INFOPLIST_FILE = "TableOnMVVM+ENUM/Info.plist";
				INFOPLIST_KEY_UIApplicationSupportsIndirectInputEvents = YES;
				INFOPLIST_KEY_UILaunchStoryboardName = LaunchScreen;
				INFOPLIST_KEY_UIMainStoryboardFile = Main;
				INFOPLIST_KEY_UISupportedInterfaceOrientations_iPad = "UIInterfaceOrientationPortrait UIInterfaceOrientationPortraitUpsideDown UIInterfaceOrientationLandscapeLeft UIInterfaceOrientationLandscapeRight";
				INFOPLIST_KEY_UISupportedInterfaceOrientations_iPhone = "UIInterfaceOrientationPortrait UIInterfaceOrientationLandscapeLeft UIInterfaceOrientationLandscapeRight";
				LD_RUNPATH_SEARCH_PATHS = (
					"$(inherited)",
					"@executable_path/Frameworks",
				);
				MARKETING_VERSION = 1.0;
				PRODUCT_BUNDLE_IDENTIFIER = "com.oleksandrborysenko.TableOnMVVM-ENUM";
				PRODUCT_NAME = "$(TARGET_NAME)";
				SWIFT_EMIT_LOC_STRINGS = YES;
				SWIFT_VERSION = 5.0;
				TARGETED_DEVICE_FAMILY = "1,2";
			};
			name = Debug;
		};
		04338B752AC549E900C17FB4 /* Release */ = {
			isa = XCBuildConfiguration;
			buildSettings = {
				ASSETCATALOG_COMPILER_APPICON_NAME = AppIcon;
				ASSETCATALOG_COMPILER_GLOBAL_ACCENT_COLOR_NAME = AccentColor;
				CODE_SIGN_STYLE = Automatic;
				CURRENT_PROJECT_VERSION = 1;
				DEVELOPMENT_TEAM = 3PC38RJWH9;
				GENERATE_INFOPLIST_FILE = YES;
				INFOPLIST_FILE = "TableOnMVVM+ENUM/Info.plist";
				INFOPLIST_KEY_UIApplicationSupportsIndirectInputEvents = YES;
				INFOPLIST_KEY_UILaunchStoryboardName = LaunchScreen;
				INFOPLIST_KEY_UIMainStoryboardFile = Main;
				INFOPLIST_KEY_UISupportedInterfaceOrientations_iPad = "UIInterfaceOrientationPortrait UIInterfaceOrientationPortraitUpsideDown UIInterfaceOrientationLandscapeLeft UIInterfaceOrientationLandscapeRight";
				INFOPLIST_KEY_UISupportedInterfaceOrientations_iPhone = "UIInterfaceOrientationPortrait UIInterfaceOrientationLandscapeLeft UIInterfaceOrientationLandscapeRight";
				LD_RUNPATH_SEARCH_PATHS = (
					"$(inherited)",
					"@executable_path/Frameworks",
				);
				MARKETING_VERSION = 1.0;
				PRODUCT_BUNDLE_IDENTIFIER = "com.oleksandrborysenko.TableOnMVVM-ENUM";
				PRODUCT_NAME = "$(TARGET_NAME)";
				SWIFT_EMIT_LOC_STRINGS = YES;
				SWIFT_VERSION = 5.0;
				TARGETED_DEVICE_FAMILY = "1,2";
			};
			name = Release;
		};
/* End XCBuildConfiguration section */

/* Begin XCConfigurationList section */
		04338B5A2AC549E700C17FB4 /* Build configuration list for PBXProject "TableOnMVVM+ENUM" */ = {
			isa = XCConfigurationList;
			buildConfigurations = (
				04338B712AC549E900C17FB4 /* Debug */,
				04338B722AC549E900C17FB4 /* Release */,
			);
			defaultConfigurationIsVisible = 0;
			defaultConfigurationName = Release;
		};
		04338B732AC549E900C17FB4 /* Build configuration list for PBXNativeTarget "TableOnMVVM+ENUM" */ = {
			isa = XCConfigurationList;
			buildConfigurations = (
				04338B742AC549E900C17FB4 /* Debug */,
				04338B752AC549E900C17FB4 /* Release */,
			);
			defaultConfigurationIsVisible = 0;
			defaultConfigurationName = Release;
		};
/* End XCConfigurationList section */
	};
	rootObject = 04338B572AC549E700C17FB4 /* Project object */;
}
